
Microsoft Visual Studio Solution File, Format Version 12.00
# Visual Studio Version 17
VisualStudioVersion = 17.0.32014.148
MinimumVisualStudioVersion = 10.0.40219.1
Project("{9A19103F-16F7-4668-BE54-9A1E7A4F7556}") = "MonoPong", "MonoPong\MonoPong.csproj", "{9F68E1E6-9708-4130-85A6-729C6463312C}"
EndProject
Project("{FAE04EC0-301F-11D3-BF4B-00C04F79EFBC}") = "MonoPong.Android", "MonoPong.Android\MonoPong.Android.csproj", "{F9949435-DB99-406F-AD0D-30ED907C7672}"
EndProject
Project("{FAE04EC0-301F-11D3-BF4B-00C04F79EFBC}") = "MonoPong.Ios", "MonoPong.Ios\MonoPong.Ios.csproj", "{1483352D-4D5D-489C-A049-DB5F03136176}"
EndProject
Global
	GlobalSection(SolutionConfigurationPlatforms) = preSolution
		Ad-Hoc|Any CPU = Ad-Hoc|Any CPU
		Ad-Hoc|iPhone = Ad-Hoc|iPhone
		Ad-Hoc|iPhoneSimulator = Ad-Hoc|iPhoneSimulator
		AppStore|Any CPU = AppStore|Any CPU
		AppStore|iPhone = AppStore|iPhone
		AppStore|iPhoneSimulator = AppStore|iPhoneSimulator
		Debug|Any CPU = Debug|Any CPU
		Debug|iPhone = Debug|iPhone
		Debug|iPhoneSimulator = Debug|iPhoneSimulator
		Release|Any CPU = Release|Any CPU
		Release|iPhone = Release|iPhone
		Release|iPhoneSimulator = Release|iPhoneSimulator
	EndGlobalSection
	GlobalSection(ProjectConfigurationPlatforms) = postSolution
		{9F68E1E6-9708-4130-85A6-729C6463312C}.Ad-Hoc|Any CPU.ActiveCfg = Release|Any CPU
		{9F68E1E6-9708-4130-85A6-729C6463312C}.Ad-Hoc|Any CPU.Build.0 = Release|Any CPU
		{9F68E1E6-9708-4130-85A6-729C6463312C}.Ad-Hoc|iPhone.ActiveCfg = Release|Any CPU
		{9F68E1E6-9708-4130-85A6-729C6463312C}.Ad-Hoc|iPhone.Build.0 = Release|Any CPU
		{9F68E1E6-9708-4130-85A6-729C6463312C}.Ad-Hoc|iPhoneSimulator.ActiveCfg = Release|Any CPU
		{9F68E1E6-9708-4130-85A6-729C6463312C}.Ad-Hoc|iPhoneSimulator.Build.0 = Release|Any CPU
		{9F68E1E6-9708-4130-85A6-729C6463312C}.AppStore|Any CPU.ActiveCfg = Release|Any CPU
		{9F68E1E6-9708-4130-85A6-729C6463312C}.AppStore|Any CPU.Build.0 = Release|Any CPU
		{9F68E1E6-9708-4130-85A6-729C6463312C}.AppStore|iPhone.ActiveCfg = Release|Any CPU
		{9F68E1E6-9708-4130-85A6-729C6463312C}.AppStore|iPhone.Build.0 = Release|Any CPU
		{9F68E1E6-9708-4130-85A6-729C6463312C}.AppStore|iPhoneSimulator.ActiveCfg = Release|Any CPU
		{9F68E1E6-9708-4130-85A6-729C6463312C}.AppStore|iPhoneSimulator.Build.0 = Release|Any CPU
		{9F68E1E6-9708-4130-85A6-729C6463312C}.Debug|Any CPU.ActiveCfg = Debug|Any CPU
		{9F68E1E6-9708-4130-85A6-729C6463312C}.Debug|Any CPU.Build.0 = Debug|Any CPU
		{9F68E1E6-9708-4130-85A6-729C6463312C}.Debug|iPhone.ActiveCfg = Debug|Any CPU
		{9F68E1E6-9708-4130-85A6-729C6463312C}.Debug|iPhone.Build.0 = Debug|Any CPU
		{9F68E1E6-9708-4130-85A6-729C6463312C}.Debug|iPhoneSimulator.ActiveCfg = Debug|Any CPU
		{9F68E1E6-9708-4130-85A6-729C6463312C}.Debug|iPhoneSimulator.Build.0 = Debug|Any CPU
		{9F68E1E6-9708-4130-85A6-729C6463312C}.Release|Any CPU.ActiveCfg = Release|Any CPU
		{9F68E1E6-9708-4130-85A6-729C6463312C}.Release|Any CPU.Build.0 = Release|Any CPU
		{9F68E1E6-9708-4130-85A6-729C6463312C}.Release|iPhone.ActiveCfg = Release|Any CPU
		{9F68E1E6-9708-4130-85A6-729C6463312C}.Release|iPhone.Build.0 = Release|Any CPU
		{9F68E1E6-9708-4130-85A6-729C6463312C}.Release|iPhoneSimulator.ActiveCfg = Release|Any CPU
		{9F68E1E6-9708-4130-85A6-729C6463312C}.Release|iPhoneSimulator.Build.0 = Release|Any CPU
		{F9949435-DB99-406F-AD0D-30ED907C7672}.Ad-Hoc|Any CPU.ActiveCfg = Release|Any CPU
		{F9949435-DB99-406F-AD0D-30ED907C7672}.Ad-Hoc|Any CPU.Build.0 = Release|Any CPU
		{F9949435-DB99-406F-AD0D-30ED907C7672}.Ad-Hoc|Any CPU.Deploy.0 = Release|Any CPU
		{F9949435-DB99-406F-AD0D-30ED907C7672}.Ad-Hoc|iPhone.ActiveCfg = Release|Any CPU
		{F9949435-DB99-406F-AD0D-30ED907C7672}.Ad-Hoc|iPhone.Build.0 = Release|Any CPU
		{F9949435-DB99-406F-AD0D-30ED907C7672}.Ad-Hoc|iPhone.Deploy.0 = Release|Any CPU
		{F9949435-DB99-406F-AD0D-30ED907C7672}.Ad-Hoc|iPhoneSimulator.ActiveCfg = Release|Any CPU
		{F9949435-DB99-406F-AD0D-30ED907C7672}.Ad-Hoc|iPhoneSimulator.Build.0 = Release|Any CPU
		{F9949435-DB99-406F-AD0D-30ED907C7672}.Ad-Hoc|iPhoneSimulator.Deploy.0 = Release|Any CPU
		{F9949435-DB99-406F-AD0D-30ED907C7672}.AppStore|Any CPU.ActiveCfg = Release|Any CPU
		{F9949435-DB99-406F-AD0D-30ED907C7672}.AppStore|Any CPU.Build.0 = Release|Any CPU
		{F9949435-DB99-406F-AD0D-30ED907C7672}.AppStore|Any CPU.Deploy.0 = Release|Any CPU
		{F9949435-DB99-406F-AD0D-30ED907C7672}.AppStore|iPhone.ActiveCfg = Release|Any CPU
		{F9949435-DB99-406F-AD0D-30ED907C7672}.AppStore|iPhone.Build.0 = Release|Any CPU
		{F9949435-DB99-406F-AD0D-30ED907C7672}.AppStore|iPhone.Deploy.0 = Release|Any CPU
		{F9949435-DB99-406F-AD0D-30ED907C7672}.AppStore|iPhoneSimulator.ActiveCfg = Release|Any CPU
		{F9949435-DB99-406F-AD0D-30ED907C7672}.AppStore|iPhoneSimulator.Build.0 = Release|Any CPU
		{F9949435-DB99-406F-AD0D-30ED907C7672}.AppStore|iPhoneSimulator.Deploy.0 = Release|Any CPU
		{F9949435-DB99-406F-AD0D-30ED907C7672}.Debug|Any CPU.ActiveCfg = Debug|Any CPU
		{F9949435-DB99-406F-AD0D-30ED907C7672}.Debug|Any CPU.Build.0 = Debug|Any CPU
		{F9949435-DB99-406F-AD0D-30ED907C7672}.Debug|Any CPU.Deploy.0 = Debug|Any CPU
		{F9949435-DB99-406F-AD0D-30ED907C7672}.Debug|iPhone.ActiveCfg = Debug|Any CPU
		{F9949435-DB99-406F-AD0D-30ED907C7672}.Debug|iPhone.Build.0 = Debug|Any CPU
		{F9949435-DB99-406F-AD0D-30ED907C7672}.Debug|iPhone.Deploy.0 = Debug|Any CPU
		{F9949435-DB99-406F-AD0D-30ED907C7672}.Debug|iPhoneSimulator.ActiveCfg = Debug|Any CPU
		{F9949435-DB99-406F-AD0D-30ED907C7672}.Debug|iPhoneSimulator.Build.0 = Debug|Any CPU
		{F9949435-DB99-406F-AD0D-30ED907C7672}.Debug|iPhoneSimulator.Deploy.0 = Debug|Any CPU
		{F9949435-DB99-406F-AD0D-30ED907C7672}.Release|Any CPU.ActiveCfg = Release|Any CPU
		{F9949435-DB99-406F-AD0D-30ED907C7672}.Release|Any CPU.Build.0 = Release|Any CPU
		{F9949435-DB99-406F-AD0D-30ED907C7672}.Release|Any CPU.Deploy.0 = Release|Any CPU
		{F9949435-DB99-406F-AD0D-30ED907C7672}.Release|iPhone.ActiveCfg = Release|Any CPU
		{F9949435-DB99-406F-AD0D-30ED907C7672}.Release|iPhone.Build.0 = Release|Any CPU
		{F9949435-DB99-406F-AD0D-30ED907C7672}.Release|iPhone.Deploy.0 = Release|Any CPU
		{F9949435-DB99-406F-AD0D-30ED907C7672}.Release|iPhoneSimulator.ActiveCfg = Release|Any CPU
		{F9949435-DB99-406F-AD0D-30ED907C7672}.Release|iPhoneSimulator.Build.0 = Release|Any CPU
		{F9949435-DB99-406F-AD0D-30ED907C7672}.Release|iPhoneSimulator.Deploy.0 = Release|Any CPU
		{1483352D-4D5D-489C-A049-DB5F03136176}.Ad-Hoc|Any CPU.ActiveCfg = Ad-Hoc|iPhoneSimulator
		{1483352D-4D5D-489C-A049-DB5F03136176}.Ad-Hoc|Any CPU.Build.0 = Ad-Hoc|iPhoneSimulator
		{1483352D-4D5D-489C-A049-DB5F03136176}.Ad-Hoc|iPhone.ActiveCfg = Ad-Hoc|iPhone
		{1483352D-4D5D-489C-A049-DB5F03136176}.Ad-Hoc|iPhone.Build.0 = Ad-Hoc|iPhone
		{1483352D-4D5D-489C-A049-DB5F03136176}.Ad-Hoc|iPhoneSimulator.ActiveCfg = Ad-Hoc|iPhoneSimulator
		{1483352D-4D5D-489C-A049-DB5F03136176}.Ad-Hoc|iPhoneSimulator.Build.0 = Ad-Hoc|iPhoneSimulator
		{1483352D-4D5D-489C-A049-DB5F03136176}.AppStore|Any CPU.ActiveCfg = AppStore|iPhoneSimulator
		{1483352D-4D5D-489C-A049-DB5F03136176}.AppStore|Any CPU.Build.0 = AppStore|iPhoneSimulator
		{1483352D-4D5D-489C-A049-DB5F03136176}.AppStore|iPhone.ActiveCfg = AppStore|iPhone
		{1483352D-4D5D-489C-A049-DB5F03136176}.AppStore|iPhone.Build.0 = AppStore|iPhone
		{1483352D-4D5D-489C-A049-DB5F03136176}.AppStore|iPhoneSimulator.ActiveCfg = AppStore|iPhoneSimulator
		{1483352D-4D5D-489C-A049-DB5F03136176}.AppStore|iPhoneSimulator.Build.0 = AppStore|iPhoneSimulator
		{1483352D-4D5D-489C-A049-DB5F03136176}.Debug|Any CPU.ActiveCfg = Debug|iPhoneSimulator
		{1483352D-4D5D-489C-A049-DB5F03136176}.Debug|Any CPU.Build.0 = Debug|iPhoneSimulator
		{1483352D-4D5D-489C-A049-DB5F03136176}.Debug|iPhone.ActiveCfg = Debug|iPhone
		{1483352D-4D5D-489C-A049-DB5F03136176}.Debug|iPhone.Build.0 = Debug|iPhone
		{1483352D-4D5D-489C-A049-DB5F03136176}.Debug|iPhoneSimulator.ActiveCfg = Debug|iPhoneSimulator
		{1483352D-4D5D-489C-A049-DB5F03136176}.Debug|iPhoneSimulator.Build.0 = Debug|iPhoneSimulator
		{1483352D-4D5D-489C-A049-DB5F03136176}.Release|Any CPU.ActiveCfg = Release|iPhoneSimulator
		{1483352D-4D5D-489C-A049-DB5F03136176}.Release|Any CPU.Build.0 = Release|iPhoneSimulator
		{1483352D-4D5D-489C-A049-DB5F03136176}.Release|iPhone.ActiveCfg = Release|iPhone
		{1483352D-4D5D-489C-A049-DB5F03136176}.Release|iPhone.Build.0 = Release|iPhone
		{1483352D-4D5D-489C-A049-DB5F03136176}.Release|iPhoneSimulator.ActiveCfg = Release|iPhoneSimulator
		{1483352D-4D5D-489C-A049-DB5F03136176}.Release|iPhoneSimulator.Build.0 = Release|iPhoneSimulator
	EndGlobalSection
	GlobalSection(SolutionProperties) = preSolution
		HideSolutionNode = FALSE
	EndGlobalSection
	GlobalSection(ExtensibilityGlobals) = postSolution
		SolutionGuid = {56B7F807-4DB8-4481-B154-DAEB7CB1E541}
	EndGlobalSection
EndGlobal
