
Microsoft Visual Studio Solution File, Format Version 12.00
# Visual Studio Version 17
VisualStudioVersion = 17.0.32014.148
MinimumVisualStudioVersion = 10.0.40219.1
Project("{9A19103F-16F7-4668-BE54-9A1E7A4F7556}") = "Project2", "Project2\Project2.csproj", "{9F68E1E6-9708-4130-85A6-729C6463312C}"
EndProject
Global
	GlobalSection(SolutionConfigurationPlatforms) = preSolution
		Debug|Any CPU = Debug|Any CPU
		Release|Any CPU = Release|Any CPU
	EndGlobalSection
	GlobalSection(ProjectConfigurationPlatforms) = postSolution
		{9F68E1E6-9708-4130-85A6-729C6463312C}.Debug|Any CPU.ActiveCfg = Debug|Any CPU
		{9F68E1E6-9708-4130-85A6-729C6463312C}.Debug|Any CPU.Build.0 = Debug|Any CPU
		{9F68E1E6-9708-4130-85A6-729C6463312C}.Release|Any CPU.ActiveCfg = Release|Any CPU
		{9F68E1E6-9708-4130-85A6-729C6463312C}.Release|Any CPU.Build.0 = Release|Any CPU
	EndGlobalSection
	GlobalSection(SolutionProperties) = preSolution
		HideSolutionNode = FALSE
	EndGlobalSection
	GlobalSection(ExtensibilityGlobals) = postSolution
		SolutionGuid = {56B7F807-4DB8-4481-B154-DAEB7CB1E541}
	EndGlobalSection
EndGlobal
